
Microsoft Visual Studio Solution File, Format Version 12.00
# Visual Studio Version 18
VisualStudioVersion = 18.1.11312.151
MinimumVisualStudioVersion = 10.0.40219.1
Project("{2150E333-8FDC-42A3-9474-1A3956D46DE8}") = "Required", "Required", "{E6E434D6-F2EC-45A6-B740-ACD4DEDB0A86}"
EndProject
Project("{8BC9CEB8-8B4A-11D0-8D11-00A0C91BC942}") = "GTLUtility.v18", "..\Utility\GTLUtility.v18.vcxproj", "{331349F5-C668-4D28-8A79-5441DAB2BD75}"
EndProject
Project("{8BC9CEB8-8B4A-11D0-8D11-00A0C91BC942}") = "GTLMathematics.v18", "..\Mathematics\GTLMathematics.v18.vcxproj", "{A51C6FA7-9082-4ECF-B024-A9DF098572A7}"
EndProject
Project("{8BC9CEB8-8B4A-11D0-8D11-00A0C91BC942}") = "GTLGraphics.v18", "..\Graphics\GTLGraphics.v18.vcxproj", "{B15CB711-F650-4063-9C7C-E7A5F88139A2}"
EndProject
Project("{8BC9CEB8-8B4A-11D0-8D11-00A0C91BC942}") = "GTLGraphicsDX11.v18", "..\Graphics\DX11\GTLGraphicsDX11.v18.vcxproj", "{00DEFF42-0F7C-4A7C-9C1F-59322B9E9004}"
EndProject
Project("{8BC9CEB8-8B4A-11D0-8D11-00A0C91BC942}") = "GTLApplicationsDX11.v18", "..\Applications\GTLApplicationsDX11.v18.vcxproj", "{8BB237C2-2D3A-41AD-9B98-A35BA75D5DEA}"
EndProject
Project("{2150E333-8FDC-42A3-9474-1A3956D46DE8}") = "VisualTests", "VisualTests", "{CC9BA1B2-0436-4724-A166-5689A7C23E9F}"
EndProject
Project("{2150E333-8FDC-42A3-9474-1A3956D46DE8}") = "Approximation", "Approximation", "{621456BA-3BAB-4531-9DD0-0225EEAD672F}"
EndProject
Project("{2150E333-8FDC-42A3-9474-1A3956D46DE8}") = "ApproximateBezierCurveByArcs", "ApproximateBezierCurveByArcs", "{B127F58B-5258-4FCD-BA2C-5B9210777669}"
EndProject
Project("{2150E333-8FDC-42A3-9474-1A3956D46DE8}") = "ApproximateEllipse2", "ApproximateEllipse2", "{3A40C37D-2117-4AF8-B2AC-5DD895293D6F}"
EndProject
Project("{2150E333-8FDC-42A3-9474-1A3956D46DE8}") = "ApproximateEllipsesByArcs", "ApproximateEllipsesByArcs", "{55A757AF-EE50-4CB2-836F-B3B19FA1F8AA}"
EndProject
Project("{2150E333-8FDC-42A3-9474-1A3956D46DE8}") = "Curves", "Curves", "{B061BC1F-F358-47A5-AA8B-68CEA671E075}"
EndProject
Project("{2150E333-8FDC-42A3-9474-1A3956D46DE8}") = "BSplineCurveFitter", "BSplineCurveFitter", "{F15FC028-23E8-4FFF-BBF9-A505B23B7AD5}"
EndProject
Project("{2150E333-8FDC-42A3-9474-1A3956D46DE8}") = "GeodesicEllipsoid", "GeodesicEllipsoid", "{7A34EDFD-4C04-42AD-B9BD-E0EEAF3B64A3}"
EndProject
Project("{2150E333-8FDC-42A3-9474-1A3956D46DE8}") = "GeodesicHeightField", "GeodesicHeightField", "{CF350416-AD94-4BEB-ACF4-B6A87102D02B}"
EndProject
Project("{2150E333-8FDC-42A3-9474-1A3956D46DE8}") = "NURBSCurveExample", "NURBSCurveExample", "{FAF5D9BE-C005-4921-943E-8A0A679879B1}"
EndProject
Project("{2150E333-8FDC-42A3-9474-1A3956D46DE8}") = "Geometry", "Geometry", "{B424F819-AF56-4CF3-83D5-1E9B53BC070A}"
EndProject
Project("{2150E333-8FDC-42A3-9474-1A3956D46DE8}") = "Intersection", "Intersection", "{321BF7A1-4131-4E02-A82C-49EEB21F994E}"
EndProject
Project("{2150E333-8FDC-42A3-9474-1A3956D46DE8}") = "MatrixAnalysis", "MatrixAnalysis", "{354A5C90-CF68-4E74-A41D-CD165F9EE0F4}"
EndProject
Project("{2150E333-8FDC-42A3-9474-1A3956D46DE8}") = "Surfaces", "Surfaces", "{B4C235C7-47C9-4E3F-A889-BF3883A6E684}"
EndProject
Project("{2150E333-8FDC-42A3-9474-1A3956D46DE8}") = "ConstrainedDelaunay2D", "ConstrainedDelaunay2D", "{E646F2D5-113F-4684-8DE3-A1B6D191BFFB}"
EndProject
Project("{2150E333-8FDC-42A3-9474-1A3956D46DE8}") = "ConvexHull2D", "ConvexHull2D", "{F71D44D4-1721-42DC-A196-FCD611A82ED0}"
EndProject
Project("{2150E333-8FDC-42A3-9474-1A3956D46DE8}") = "ConvexHull3D", "ConvexHull3D", "{77FC68BB-E074-44D3-99D1-B458B560E005}"
EndProject
Project("{2150E333-8FDC-42A3-9474-1A3956D46DE8}") = "Delaunay2D", "Delaunay2D", "{797DF5D1-B89B-4915-9F1E-365D0B498028}"
EndProject
Project("{2150E333-8FDC-42A3-9474-1A3956D46DE8}") = "Delaunay3D", "Delaunay3D", "{17FA106A-453F-46C2-96B8-77F59F49CF12}"
EndProject
Project("{2150E333-8FDC-42A3-9474-1A3956D46DE8}") = "IncrementalDelaunay2", "IncrementalDelaunay2", "{8C124ED1-4D1A-40EF-80E4-CF558585CF79}"
EndProject
Project("{2150E333-8FDC-42A3-9474-1A3956D46DE8}") = "MinimumAreaBox2D", "MinimumAreaBox2D", "{527AA3DB-7C07-4B3F-82E0-F9A9A440B1E8}"
EndProject
Project("{2150E333-8FDC-42A3-9474-1A3956D46DE8}") = "PolygonBooleanOperations", "PolygonBooleanOperations", "{ED15FD93-62B3-4E70-8837-F4779E8B3E87}"
EndProject
Project("{2150E333-8FDC-42A3-9474-1A3956D46DE8}") = "IntersectCylinders", "IntersectCylinders", "{7309CB66-8CA5-4BE2-AFD1-1557875E6370}"
EndProject
Project("{2150E333-8FDC-42A3-9474-1A3956D46DE8}") = "SymmetricEigensolver3x3", "SymmetricEigensolver3x3", "{5A242E78-AFC2-4F9A-853D-7D4B7B0C3664}"
EndProject
Project("{2150E333-8FDC-42A3-9474-1A3956D46DE8}") = "BSplineSurfaceFitter", "BSplineSurfaceFitter", "{02CBF607-E17A-4DC1-B42B-9138B2E176FD}"
EndProject
Project("{2150E333-8FDC-42A3-9474-1A3956D46DE8}") = "NURBSSphere", "NURBSSphere", "{7C18347B-E009-48EC-858A-70B7E7703A4C}"
EndProject
Project("{8BC9CEB8-8B4A-11D0-8D11-00A0C91BC942}") = "ApproximateBezierCurveByArcsDX11.v18", "Mathematics\Approximation\ApproximateBezierCurveByArcs\ApproximateBezierCurveByArcsDX11.v18.vcxproj", "{176CDC65-8320-4367-86D0-5B8805F62499}"
EndProject
Project("{8BC9CEB8-8B4A-11D0-8D11-00A0C91BC942}") = "ApproximateEllipse2DX11.v18", "Mathematics\Approximation\ApproximateEllipse2\ApproximateEllipse2DX11.v18.vcxproj", "{F87FBCA2-4142-4408-AABF-E37E612498E8}"
EndProject
Project("{8BC9CEB8-8B4A-11D0-8D11-00A0C91BC942}") = "ApproximateEllipsesByArcsDX11.v18", "Mathematics\Approximation\ApproximateEllipsesByArcs\ApproximateEllipsesByArcsDX11.v18.vcxproj", "{EF4042EA-CB4B-456C-97E9-5ED1099FA9D1}"
EndProject
Project("{8BC9CEB8-8B4A-11D0-8D11-00A0C91BC942}") = "BSplineCurveFitterDX11.v18", "Mathematics\Curves\BSplineCurveFitter\BSplineCurveFitterDX11.v18.vcxproj", "{A8F3E944-9461-437D-9F40-40A4D43DB941}"
EndProject
Project("{8BC9CEB8-8B4A-11D0-8D11-00A0C91BC942}") = "GeodesicEllipsoidDX11.v18", "Mathematics\Curves\GeodesicEllipsoid\GeodesicEllipsoidDX11.v18.vcxproj", "{3E5BD424-13BE-4E98-AE5D-B019139CB942}"
EndProject
Project("{8BC9CEB8-8B4A-11D0-8D11-00A0C91BC942}") = "GeodesicHeightFieldDX11.v18", "Mathematics\Curves\GeodesicHeightField\GeodesicHeightFieldDX11.v18.vcxproj", "{B20DB27E-DA68-4EC3-B3F6-6527A24E014B}"
EndProject
Project("{8BC9CEB8-8B4A-11D0-8D11-00A0C91BC942}") = "NURBSCurveExampleDX11.v18", "Mathematics\Curves\NURBSCurveExample\NURBSCurveExampleDX11.v18.vcxproj", "{A83B546C-91B0-4DCF-8998-85FD841DED89}"
EndProject
Project("{2150E333-8FDC-42A3-9474-1A3956D46DE8}") = "Distance", "Distance", "{ACA03EDB-3386-44C5-82CD-D3927AC10533}"
EndProject
Project("{2150E333-8FDC-42A3-9474-1A3956D46DE8}") = "DistanceOrientedBoxCone", "DistanceOrientedBoxCone", "{E3F1A21D-23CC-42D2-AE1A-FE0188F32680}"
EndProject
Project("{8BC9CEB8-8B4A-11D0-8D11-00A0C91BC942}") = "DistanceOrientedBoxConeFrustumDX11.v18", "Mathematics\Distance\DistanceOrientedBoxCone\DistanceOrientedBoxConeFrustumDX11.v18.vcxproj", "{B7875DF3-1C89-4B3E-9A27-6D629A63A5BC}"
EndProject
Project("{8BC9CEB8-8B4A-11D0-8D11-00A0C91BC942}") = "ConstrainedDelaunay2DDX11.v18", "Mathematics\Geometry\ConstrainedDelaunay2D\ConstrainedDelaunay2DDX11.v18.vcxproj", "{C81852A6-D7E4-46CA-82CA-A543B1F83890}"
EndProject
Project("{8BC9CEB8-8B4A-11D0-8D11-00A0C91BC942}") = "ConvexHull2DDX11.v18", "Mathematics\Geometry\ConvexHull2D\ConvexHull2DDX11.v18.vcxproj", "{C14DC258-BB7F-447D-A36A-DEB4FE073F1B}"
EndProject
Project("{8BC9CEB8-8B4A-11D0-8D11-00A0C91BC942}") = "ConvexHull3DDX11.v18", "Mathematics\Geometry\ConvexHull3D\ConvexHull3DDX11.v18.vcxproj", "{C3FBB30B-6EEA-4167-88D8-CBE110F8C0C7}"
EndProject
Project("{8BC9CEB8-8B4A-11D0-8D11-00A0C91BC942}") = "Delaunay2DDX11.v18", "Mathematics\Geometry\Delaunay2D\Delaunay2DDX11.v18.vcxproj", "{70A191E2-E112-46BB-952B-C9517B6027F3}"
EndProject
Project("{8BC9CEB8-8B4A-11D0-8D11-00A0C91BC942}") = "Delaunay3DDX11.v18", "Mathematics\Geometry\Delaunay3D\Delaunay3DDX11.v18.vcxproj", "{23C48C36-D49A-42E1-87F2-87F3EAD35CBD}"
EndProject
Project("{8BC9CEB8-8B4A-11D0-8D11-00A0C91BC942}") = "IncrementalDelaunay2DX11.v18", "Mathematics\Geometry\IncrementalDelaunay2\IncrementalDelaunay2DX11.v18.vcxproj", "{18E86470-12D7-4EA8-9CD4-18AB2ABC99AD}"
EndProject
Project("{8BC9CEB8-8B4A-11D0-8D11-00A0C91BC942}") = "MinimumAreaBox2DDX11.v18", "Mathematics\Geometry\MinimumAreaBox2D\MinimumAreaBox2DDX11.v18.vcxproj", "{67593B1B-8E17-4A85-A624-86AFA5EB16F2}"
EndProject
Project("{8BC9CEB8-8B4A-11D0-8D11-00A0C91BC942}") = "PolygonBooleanOperationsDX11.v18", "Mathematics\Geometry\PolygonBooleanOperations\PolygonBooleanOperationsDX11.v18.vcxproj", "{72ECA9E9-2A7A-4BA2-8251-AC0D6C456319}"
EndProject
Project("{8BC9CEB8-8B4A-11D0-8D11-00A0C91BC942}") = "IntersectCylindersDX11.v18", "Mathematics\Intersection\IntersectCylinders\IntersectCylindersDX11.v18.vcxproj", "{F73B5D94-4E6D-4666-BFC2-656BF8BD7969}"
EndProject
Project("{8BC9CEB8-8B4A-11D0-8D11-00A0C91BC942}") = "SymmetricEigensolver3x3DX11.v18", "Mathematics\MatrixAnalysis\SymmetricEigensolver3x3\SymmetricEigensolver3x3DX11.v18.vcxproj", "{FA001B31-7181-43A4-9AA2-6FA9D8CF414A}"
EndProject
Project("{8BC9CEB8-8B4A-11D0-8D11-00A0C91BC942}") = "BSplineSurfaceFitterDX11.v18", "Mathematics\Surfaces\BSplineSurfaceFitter\BSplineSurfaceFitterDX11.v18.vcxproj", "{5FAB5CD1-6D8A-4ED7-82BE-C167977DE91C}"
EndProject
Project("{8BC9CEB8-8B4A-11D0-8D11-00A0C91BC942}") = "NURBSSphereDX11.v18", "Mathematics\Surfaces\NURBSSphere\NURBSSphereDX11.v18.vcxproj", "{AAAAA1C8-FE95-41CE-8F9E-84011A11B20B}"
EndProject
Project("{2150E333-8FDC-42A3-9474-1A3956D46DE8}") = "DistanceLinear2Triangle2", "DistanceLinear2Triangle2", "{4136CB75-8573-4772-83E0-49381CC5275E}"
EndProject
Project("{8BC9CEB8-8B4A-11D0-8D11-00A0C91BC942}") = "DistanceLinear2Triangle2DX11.v18", "Mathematics\Distance\DistanceLinear2Triangle2\DistanceLinear2Triangle2DX11.v18.vcxproj", "{85D96559-99C2-4A8D-83E0-797B67CF9D9A}"
EndProject
Project("{2150E333-8FDC-42A3-9474-1A3956D46DE8}") = "NURBSCircularArc", "NURBSCircularArc", "{19A52FAA-2E21-4E1C-AB1D-2125E798440E}"
EndProject
Project("{8BC9CEB8-8B4A-11D0-8D11-00A0C91BC942}") = "NURBSCircularArcDX11.v18", "Mathematics\Curves\NURBSCircularArc\NURBSCircularArcDX11.v18.vcxproj", "{EB602772-947D-4761-99FD-290BB8183884}"
EndProject
Project("{2150E333-8FDC-42A3-9474-1A3956D46DE8}") = "DistancePoint3Parallelepiped3", "DistancePoint3Parallelepiped3", "{02EA681E-C7D8-13C7-8484-4AC65E1B71E8}"
EndProject
Project("{8BC9CEB8-8B4A-11D0-8D11-00A0C91BC942}") = "DistancePoint3Parallelepiped3DX11.v18", "Mathematics\Distance\DistancePoint3Parallelepiped3\DistancePoint3Parallelepiped3DX11.v18.vcxproj", "{257A53AF-8528-449B-BD27-204600D1A4EF}"
EndProject
Project("{2150E333-8FDC-42A3-9474-1A3956D46DE8}") = "ImageProcessing", "ImageProcessing", "{BACEFD4D-07BB-4972-881C-8CC2CABC433F}"
EndProject
Project("{2150E333-8FDC-42A3-9474-1A3956D46DE8}") = "VisualizeMarchingCubes", "VisualizeMarchingCubes", "{89B60CD5-5914-43CD-B604-BED4BE17086E}"
EndProject
Project("{8BC9CEB8-8B4A-11D0-8D11-00A0C91BC942}") = "VisualizeMarchingCubesDX11.v18", "Mathematics\ImageProcessing\VisualizeMarchingCubes\VisualizeMarchingCubesDX11.v18.vcxproj", "{35EA9D60-AFDA-4717-A62B-9814D1C00952}"
EndProject
Project("{2150E333-8FDC-42A3-9474-1A3956D46DE8}") = "ApproximateHelmertTransformation", "ApproximateHelmertTransformation", "{A21AB139-CA9D-4B0A-BE64-2AE29450E4F6}"
EndProject
Project("{8BC9CEB8-8B4A-11D0-8D11-00A0C91BC942}") = "ApproximateHelmertTransformationDX11.v18", "Mathematics\Approximation\ApproximateHelmertTransformation\ApproximateHelmertTransformationDX11.v18.vcxproj", "{254B2CE7-B578-4211-A0FA-2A9540BBC69F}"
EndProject
Project("{2150E333-8FDC-42A3-9474-1A3956D46DE8}") = "ApproximateCylinder3", "ApproximateCylinder3", "{66B7E362-AB6C-45EC-ABBC-EB8D361115F1}"
EndProject
Project("{8BC9CEB8-8B4A-11D0-8D11-00A0C91BC942}") = "ApproximateCylinder3DX11.v18", "Mathematics\Approximation\ApproximateCylinder3\ApproximateCylinder3DX11.v18.vcxproj", "{DCF63F55-F194-4627-A2E3-2A8896627024}"
EndProject
Project("{2150E333-8FDC-42A3-9474-1A3956D46DE8}") = "ApproximateEllipsoid3", "ApproximateEllipsoid3", "{A6C642FB-ACE9-4119-AE71-A28602F5BD9D}"
EndProject
Project("{8BC9CEB8-8B4A-11D0-8D11-00A0C91BC942}") = "ApproximateEllipsoid3DX11.v18", "Mathematics\Approximation\ApproximateEllipsoid3\ApproximateEllipsoid3DX11.v18.vcxproj", "{D3BA09AE-92A9-47B1-858A-D059613C2200}"
EndProject
Project("{2150E333-8FDC-42A3-9474-1A3956D46DE8}") = "IntersectMovingBoxSphere", "IntersectMovingBoxSphere", "{03F29E31-B3DB-4DE0-89F6-0AE3E20D1903}"
EndProject
Project("{8BC9CEB8-8B4A-11D0-8D11-00A0C91BC942}") = "IntersectMovingSphereBoxDX11.v18", "Mathematics\Intersection\IntersectMovingSphereBox\IntersectMovingSphereBoxDX11.v18.vcxproj", "{0B0B0AF8-CCAA-4CBE-BE89-D0B1A72AA256}"
EndProject
Project("{2150E333-8FDC-42A3-9474-1A3956D46DE8}") = "TriangulateEC", "TriangulateEC", "{5F300E46-A08F-4BC7-A99E-B64AC68240F6}"
EndProject
Project("{8BC9CEB8-8B4A-11D0-8D11-00A0C91BC942}") = "TriangulationECDX11.v18", "Mathematics\Geometry\TriangulationEC\TriangulationECDX11.v18.vcxproj", "{0FD12141-7DE3-4C17-B56F-E210F48B5EC4}"
EndProject
Project("{2150E333-8FDC-42A3-9474-1A3956D46DE8}") = "Interpolation", "Interpolation", "{BBBB63B4-0C8F-4530-B433-89D29E67E91E}"
EndProject
Project("{2150E333-8FDC-42A3-9474-1A3956D46DE8}") = "Interpolation2D", "Interpolation2D", "{112DBD85-0366-4FA0-AA15-BF9612042695}"
EndProject
Project("{8BC9CEB8-8B4A-11D0-8D11-00A0C91BC942}") = "Interpolation2DDX11.v18", "Mathematics\Interpolation\Interpolation2D\Interpolation2DDX11.v18.vcxproj", "{7C87F713-F6D2-4967-9D92-B77E0D7EB1BD}"
EndProject
Project("{2150E333-8FDC-42A3-9474-1A3956D46DE8}") = "Mathematics", "Mathematics", "{365B8B62-6B03-426D-A696-00A7FDB1096B}"
EndProject
Project("{2150E333-8FDC-42A3-9474-1A3956D46DE8}") = "Physics", "Physics", "{CA2178AF-1D84-415E-B8B2-5CEDCF7D94E7}"
EndProject
Project("{2150E333-8FDC-42A3-9474-1A3956D46DE8}") = "IntersectingRectangles", "IntersectingRectangles", "{FA1B9790-2112-49D6-8973-3397F45189D6}"
EndProject
Project("{8BC9CEB8-8B4A-11D0-8D11-00A0C91BC942}") = "IntersectingRectanglesDX11.v18", "Mathematics\Physics\IntersectingRectangles\IntersectingRectanglesDX11.v18.vcxproj", "{656E0692-A649-4E16-B6F3-D52DC93A9B03}"
EndProject
Project("{2150E333-8FDC-42A3-9474-1A3956D46DE8}") = "IntersectingBoxes", "IntersectingBoxes", "{527730FF-05C2-41E3-888C-BCB480ACFB63}"
EndProject
Project("{8BC9CEB8-8B4A-11D0-8D11-00A0C91BC942}") = "IntersectingBoxesDX11.v18", "Mathematics\Physics\IntersectingBoxes\IntersectingBoxesDX11.v18.vcxproj", "{6E067AE7-A48B-403C-82F1-167FBAD3CBF9}"
EndProject
Project("{2150E333-8FDC-42A3-9474-1A3956D46DE8}") = "BouncingSpheres", "BouncingSpheres", "{16BF0649-BCE8-44E0-9D58-6DC7BF420D6A}"
EndProject
Project("{8BC9CEB8-8B4A-11D0-8D11-00A0C91BC942}") = "BouncingSpheresDX11.v18", "Mathematics\Physics\BouncingSpheres\BouncingSpheresDX11.v18.vcxproj", "{80DA27F1-BE43-40E2-93F1-A8A93012A94F}"
EndProject
Project("{2150E333-8FDC-42A3-9474-1A3956D46DE8}") = "BouncingTetrahedra", "BouncingTetrahedra", "{1B5ACADF-6306-412C-9AA7-5063655D2A68}"
EndProject
Project("{8BC9CEB8-8B4A-11D0-8D11-00A0C91BC942}") = "BouncingTetrahedraDX11.v18", "Mathematics\Physics\BouncingTetrahedra\BouncingTetrahedraDX11.v18.vcxproj", "{0BCC6358-5890-4F99-A854-076517518CB0}"
EndProject
Project("{2150E333-8FDC-42A3-9474-1A3956D46DE8}") = "Rope", "Rope", "{8DF5C348-7EEE-455B-8E48-4B51E1705E82}"
EndProject
Project("{8BC9CEB8-8B4A-11D0-8D11-00A0C91BC942}") = "RopeDX11.v18", "Mathematics\Physics\Rope\RopeDX11.v18.vcxproj", "{E5C34B19-B394-4623-B00B-5F7F4B2577D6}"
EndProject
Project("{2150E333-8FDC-42A3-9474-1A3956D46DE8}") = "Cloth", "Cloth", "{C3B6222C-CEEF-4E8A-9919-426A498328CE}"
EndProject
Project("{8BC9CEB8-8B4A-11D0-8D11-00A0C91BC942}") = "ClothDX11.v18", "Mathematics\Physics\Cloth\ClothDX11.v18.vcxproj", "{79388801-CC65-4BBC-AAC6-9613BC5B8FBC}"
EndProject
Project("{2150E333-8FDC-42A3-9474-1A3956D46DE8}") = "GelatinCube", "GelatinCube", "{67CB087A-BE7F-452D-8B6D-39925092EECD}"
EndProject
Project("{8BC9CEB8-8B4A-11D0-8D11-00A0C91BC942}") = "GelatinCubeDX11.v18", "Mathematics\Physics\GelatinCube\GelatinCubeDX11.v18.vcxproj", "{4E663D5C-467F-41E0-B74B-E259D7AE259D}"
EndProject
Project("{2150E333-8FDC-42A3-9474-1A3956D46DE8}") = "GelatinBlob", "GelatinBlob", "{EDEC1413-7B68-4C86-ABDF-64FE656E6488}"
EndProject
Project("{8BC9CEB8-8B4A-11D0-8D11-00A0C91BC942}") = "GelatinBlobDX11.v18", "Mathematics\Physics\GelatinBlob\GelatinBlobDX11.v18.vcxproj", "{2885E836-994D-49E4-A695-F0623A4BD33C}"
EndProject
Project("{2150E333-8FDC-42A3-9474-1A3956D46DE8}") = "FreeFormDeformation", "FreeFormDeformation", "{3CB345EA-82DB-4876-B814-1C2D38930CAF}"
EndProject
Project("{8BC9CEB8-8B4A-11D0-8D11-00A0C91BC942}") = "FreeFormDeformationDX11.v18", "Mathematics\Physics\FreeFormDeformation\FreeFormDeformationDX11.v18.vcxproj", "{D402751F-6571-4520-AD21-E4CA7B25D844}"
EndProject
Global
	GlobalSection(SolutionConfigurationPlatforms) = preSolution
		Debug|x64 = Debug|x64
		Release|x64 = Release|x64
	EndGlobalSection
	GlobalSection(ProjectConfigurationPlatforms) = postSolution
		{331349F5-C668-4D28-8A79-5441DAB2BD75}.Debug|x64.ActiveCfg = Debug|x64
		{331349F5-C668-4D28-8A79-5441DAB2BD75}.Debug|x64.Build.0 = Debug|x64
		{331349F5-C668-4D28-8A79-5441DAB2BD75}.Release|x64.ActiveCfg = Release|x64
		{331349F5-C668-4D28-8A79-5441DAB2BD75}.Release|x64.Build.0 = Release|x64
		{A51C6FA7-9082-4ECF-B024-A9DF098572A7}.Debug|x64.ActiveCfg = Debug|x64
		{A51C6FA7-9082-4ECF-B024-A9DF098572A7}.Debug|x64.Build.0 = Debug|x64
		{A51C6FA7-9082-4ECF-B024-A9DF098572A7}.Release|x64.ActiveCfg = Release|x64
		{A51C6FA7-9082-4ECF-B024-A9DF098572A7}.Release|x64.Build.0 = Release|x64
		{B15CB711-F650-4063-9C7C-E7A5F88139A2}.Debug|x64.ActiveCfg = Debug|x64
		{B15CB711-F650-4063-9C7C-E7A5F88139A2}.Debug|x64.Build.0 = Debug|x64
		{B15CB711-F650-4063-9C7C-E7A5F88139A2}.Release|x64.ActiveCfg = Release|x64
		{B15CB711-F650-4063-9C7C-E7A5F88139A2}.Release|x64.Build.0 = Release|x64
		{00DEFF42-0F7C-4A7C-9C1F-59322B9E9004}.Debug|x64.ActiveCfg = Debug|x64
		{00DEFF42-0F7C-4A7C-9C1F-59322B9E9004}.Debug|x64.Build.0 = Debug|x64
		{00DEFF42-0F7C-4A7C-9C1F-59322B9E9004}.Release|x64.ActiveCfg = Release|x64
		{00DEFF42-0F7C-4A7C-9C1F-59322B9E9004}.Release|x64.Build.0 = Release|x64
		{8BB237C2-2D3A-41AD-9B98-A35BA75D5DEA}.Debug|x64.ActiveCfg = Debug|x64
		{8BB237C2-2D3A-41AD-9B98-A35BA75D5DEA}.Debug|x64.Build.0 = Debug|x64
		{8BB237C2-2D3A-41AD-9B98-A35BA75D5DEA}.Release|x64.ActiveCfg = Release|x64
		{8BB237C2-2D3A-41AD-9B98-A35BA75D5DEA}.Release|x64.Build.0 = Release|x64
		{176CDC65-8320-4367-86D0-5B8805F62499}.Debug|x64.ActiveCfg = Debug|x64
		{176CDC65-8320-4367-86D0-5B8805F62499}.Debug|x64.Build.0 = Debug|x64
		{176CDC65-8320-4367-86D0-5B8805F62499}.Release|x64.ActiveCfg = Release|x64
		{176CDC65-8320-4367-86D0-5B8805F62499}.Release|x64.Build.0 = Release|x64
		{F87FBCA2-4142-4408-AABF-E37E612498E8}.Debug|x64.ActiveCfg = Debug|x64
		{F87FBCA2-4142-4408-AABF-E37E612498E8}.Debug|x64.Build.0 = Debug|x64
		{F87FBCA2-4142-4408-AABF-E37E612498E8}.Release|x64.ActiveCfg = Release|x64
		{F87FBCA2-4142-4408-AABF-E37E612498E8}.Release|x64.Build.0 = Release|x64
		{EF4042EA-CB4B-456C-97E9-5ED1099FA9D1}.Debug|x64.ActiveCfg = Debug|x64
		{EF4042EA-CB4B-456C-97E9-5ED1099FA9D1}.Debug|x64.Build.0 = Debug|x64
		{EF4042EA-CB4B-456C-97E9-5ED1099FA9D1}.Release|x64.ActiveCfg = Release|x64
		{EF4042EA-CB4B-456C-97E9-5ED1099FA9D1}.Release|x64.Build.0 = Release|x64
		{A8F3E944-9461-437D-9F40-40A4D43DB941}.Debug|x64.ActiveCfg = Debug|x64
		{A8F3E944-9461-437D-9F40-40A4D43DB941}.Debug|x64.Build.0 = Debug|x64
		{A8F3E944-9461-437D-9F40-40A4D43DB941}.Release|x64.ActiveCfg = Release|x64
		{A8F3E944-9461-437D-9F40-40A4D43DB941}.Release|x64.Build.0 = Release|x64
		{3E5BD424-13BE-4E98-AE5D-B019139CB942}.Debug|x64.ActiveCfg = Debug|x64
		{3E5BD424-13BE-4E98-AE5D-B019139CB942}.Debug|x64.Build.0 = Debug|x64
		{3E5BD424-13BE-4E98-AE5D-B019139CB942}.Release|x64.ActiveCfg = Release|x64
		{3E5BD424-13BE-4E98-AE5D-B019139CB942}.Release|x64.Build.0 = Release|x64
		{B20DB27E-DA68-4EC3-B3F6-6527A24E014B}.Debug|x64.ActiveCfg = Debug|x64
		{B20DB27E-DA68-4EC3-B3F6-6527A24E014B}.Debug|x64.Build.0 = Debug|x64
		{B20DB27E-DA68-4EC3-B3F6-6527A24E014B}.Release|x64.ActiveCfg = Release|x64
		{B20DB27E-DA68-4EC3-B3F6-6527A24E014B}.Release|x64.Build.0 = Release|x64
		{A83B546C-91B0-4DCF-8998-85FD841DED89}.Debug|x64.ActiveCfg = Debug|x64
		{A83B546C-91B0-4DCF-8998-85FD841DED89}.Debug|x64.Build.0 = Debug|x64
		{A83B546C-91B0-4DCF-8998-85FD841DED89}.Release|x64.ActiveCfg = Release|x64
		{A83B546C-91B0-4DCF-8998-85FD841DED89}.Release|x64.Build.0 = Release|x64
		{B7875DF3-1C89-4B3E-9A27-6D629A63A5BC}.Debug|x64.ActiveCfg = Debug|x64
		{B7875DF3-1C89-4B3E-9A27-6D629A63A5BC}.Debug|x64.Build.0 = Debug|x64
		{B7875DF3-1C89-4B3E-9A27-6D629A63A5BC}.Release|x64.ActiveCfg = Release|x64
		{B7875DF3-1C89-4B3E-9A27-6D629A63A5BC}.Release|x64.Build.0 = Release|x64
		{C81852A6-D7E4-46CA-82CA-A543B1F83890}.Debug|x64.ActiveCfg = Debug|x64
		{C81852A6-D7E4-46CA-82CA-A543B1F83890}.Debug|x64.Build.0 = Debug|x64
		{C81852A6-D7E4-46CA-82CA-A543B1F83890}.Release|x64.ActiveCfg = Release|x64
		{C81852A6-D7E4-46CA-82CA-A543B1F83890}.Release|x64.Build.0 = Release|x64
		{C14DC258-BB7F-447D-A36A-DEB4FE073F1B}.Debug|x64.ActiveCfg = Debug|x64
		{C14DC258-BB7F-447D-A36A-DEB4FE073F1B}.Debug|x64.Build.0 = Debug|x64
		{C14DC258-BB7F-447D-A36A-DEB4FE073F1B}.Release|x64.ActiveCfg = Release|x64
		{C14DC258-BB7F-447D-A36A-DEB4FE073F1B}.Release|x64.Build.0 = Release|x64
		{C3FBB30B-6EEA-4167-88D8-CBE110F8C0C7}.Debug|x64.ActiveCfg = Debug|x64
		{C3FBB30B-6EEA-4167-88D8-CBE110F8C0C7}.Debug|x64.Build.0 = Debug|x64
		{C3FBB30B-6EEA-4167-88D8-CBE110F8C0C7}.Release|x64.ActiveCfg = Release|x64
		{C3FBB30B-6EEA-4167-88D8-CBE110F8C0C7}.Release|x64.Build.0 = Release|x64
		{70A191E2-E112-46BB-952B-C9517B6027F3}.Debug|x64.ActiveCfg = Debug|x64
		{70A191E2-E112-46BB-952B-C9517B6027F3}.Debug|x64.Build.0 = Debug|x64
		{70A191E2-E112-46BB-952B-C9517B6027F3}.Release|x64.ActiveCfg = Release|x64
		{70A191E2-E112-46BB-952B-C9517B6027F3}.Release|x64.Build.0 = Release|x64
		{23C48C36-D49A-42E1-87F2-87F3EAD35CBD}.Debug|x64.ActiveCfg = Debug|x64
		{23C48C36-D49A-42E1-87F2-87F3EAD35CBD}.Debug|x64.Build.0 = Debug|x64
		{23C48C36-D49A-42E1-87F2-87F3EAD35CBD}.Release|x64.ActiveCfg = Release|x64
		{23C48C36-D49A-42E1-87F2-87F3EAD35CBD}.Release|x64.Build.0 = Release|x64
		{18E86470-12D7-4EA8-9CD4-18AB2ABC99AD}.Debug|x64.ActiveCfg = Debug|x64
		{18E86470-12D7-4EA8-9CD4-18AB2ABC99AD}.Debug|x64.Build.0 = Debug|x64
		{18E86470-12D7-4EA8-9CD4-18AB2ABC99AD}.Release|x64.ActiveCfg = Release|x64
		{18E86470-12D7-4EA8-9CD4-18AB2ABC99AD}.Release|x64.Build.0 = Release|x64
		{67593B1B-8E17-4A85-A624-86AFA5EB16F2}.Debug|x64.ActiveCfg = Debug|x64
		{67593B1B-8E17-4A85-A624-86AFA5EB16F2}.Debug|x64.Build.0 = Debug|x64
		{67593B1B-8E17-4A85-A624-86AFA5EB16F2}.Release|x64.ActiveCfg = Release|x64
		{67593B1B-8E17-4A85-A624-86AFA5EB16F2}.Release|x64.Build.0 = Release|x64
		{72ECA9E9-2A7A-4BA2-8251-AC0D6C456319}.Debug|x64.ActiveCfg = Debug|x64
		{72ECA9E9-2A7A-4BA2-8251-AC0D6C456319}.Debug|x64.Build.0 = Debug|x64
		{72ECA9E9-2A7A-4BA2-8251-AC0D6C456319}.Release|x64.ActiveCfg = Release|x64
		{72ECA9E9-2A7A-4BA2-8251-AC0D6C456319}.Release|x64.Build.0 = Release|x64
		{F73B5D94-4E6D-4666-BFC2-656BF8BD7969}.Debug|x64.ActiveCfg = Debug|x64
		{F73B5D94-4E6D-4666-BFC2-656BF8BD7969}.Debug|x64.Build.0 = Debug|x64
		{F73B5D94-4E6D-4666-BFC2-656BF8BD7969}.Release|x64.ActiveCfg = Release|x64
		{F73B5D94-4E6D-4666-BFC2-656BF8BD7969}.Release|x64.Build.0 = Release|x64
		{FA001B31-7181-43A4-9AA2-6FA9D8CF414A}.Debug|x64.ActiveCfg = Debug|x64
		{FA001B31-7181-43A4-9AA2-6FA9D8CF414A}.Debug|x64.Build.0 = Debug|x64
		{FA001B31-7181-43A4-9AA2-6FA9D8CF414A}.Release|x64.ActiveCfg = Release|x64
		{FA001B31-7181-43A4-9AA2-6FA9D8CF414A}.Release|x64.Build.0 = Release|x64
		{5FAB5CD1-6D8A-4ED7-82BE-C167977DE91C}.Debug|x64.ActiveCfg = Debug|x64
		{5FAB5CD1-6D8A-4ED7-82BE-C167977DE91C}.Debug|x64.Build.0 = Debug|x64
		{5FAB5CD1-6D8A-4ED7-82BE-C167977DE91C}.Release|x64.ActiveCfg = Release|x64
		{5FAB5CD1-6D8A-4ED7-82BE-C167977DE91C}.Release|x64.Build.0 = Release|x64
		{AAAAA1C8-FE95-41CE-8F9E-84011A11B20B}.Debug|x64.ActiveCfg = Debug|x64
		{AAAAA1C8-FE95-41CE-8F9E-84011A11B20B}.Debug|x64.Build.0 = Debug|x64
		{AAAAA1C8-FE95-41CE-8F9E-84011A11B20B}.Release|x64.ActiveCfg = Release|x64
		{AAAAA1C8-FE95-41CE-8F9E-84011A11B20B}.Release|x64.Build.0 = Release|x64
		{85D96559-99C2-4A8D-83E0-797B67CF9D9A}.Debug|x64.ActiveCfg = Debug|x64
		{85D96559-99C2-4A8D-83E0-797B67CF9D9A}.Debug|x64.Build.0 = Debug|x64
		{85D96559-99C2-4A8D-83E0-797B67CF9D9A}.Release|x64.ActiveCfg = Release|x64
		{85D96559-99C2-4A8D-83E0-797B67CF9D9A}.Release|x64.Build.0 = Release|x64
		{EB602772-947D-4761-99FD-290BB8183884}.Debug|x64.ActiveCfg = Debug|x64
		{EB602772-947D-4761-99FD-290BB8183884}.Debug|x64.Build.0 = Debug|x64
		{EB602772-947D-4761-99FD-290BB8183884}.Release|x64.ActiveCfg = Release|x64
		{EB602772-947D-4761-99FD-290BB8183884}.Release|x64.Build.0 = Release|x64
		{257A53AF-8528-449B-BD27-204600D1A4EF}.Debug|x64.ActiveCfg = Debug|x64
		{257A53AF-8528-449B-BD27-204600D1A4EF}.Debug|x64.Build.0 = Debug|x64
		{257A53AF-8528-449B-BD27-204600D1A4EF}.Release|x64.ActiveCfg = Release|x64
		{257A53AF-8528-449B-BD27-204600D1A4EF}.Release|x64.Build.0 = Release|x64
		{35EA9D60-AFDA-4717-A62B-9814D1C00952}.Debug|x64.ActiveCfg = Debug|x64
		{35EA9D60-AFDA-4717-A62B-9814D1C00952}.Debug|x64.Build.0 = Debug|x64
		{35EA9D60-AFDA-4717-A62B-9814D1C00952}.Release|x64.ActiveCfg = Release|x64
		{35EA9D60-AFDA-4717-A62B-9814D1C00952}.Release|x64.Build.0 = Release|x64
		{254B2CE7-B578-4211-A0FA-2A9540BBC69F}.Debug|x64.ActiveCfg = Debug|x64
		{254B2CE7-B578-4211-A0FA-2A9540BBC69F}.Debug|x64.Build.0 = Debug|x64
		{254B2CE7-B578-4211-A0FA-2A9540BBC69F}.Release|x64.ActiveCfg = Release|x64
		{254B2CE7-B578-4211-A0FA-2A9540BBC69F}.Release|x64.Build.0 = Release|x64
		{DCF63F55-F194-4627-A2E3-2A8896627024}.Debug|x64.ActiveCfg = Debug|x64
		{DCF63F55-F194-4627-A2E3-2A8896627024}.Debug|x64.Build.0 = Debug|x64
		{DCF63F55-F194-4627-A2E3-2A8896627024}.Release|x64.ActiveCfg = Release|x64
		{DCF63F55-F194-4627-A2E3-2A8896627024}.Release|x64.Build.0 = Release|x64
		{D3BA09AE-92A9-47B1-858A-D059613C2200}.Debug|x64.ActiveCfg = Debug|x64
		{D3BA09AE-92A9-47B1-858A-D059613C2200}.Debug|x64.Build.0 = Debug|x64
		{D3BA09AE-92A9-47B1-858A-D059613C2200}.Release|x64.ActiveCfg = Release|x64
		{D3BA09AE-92A9-47B1-858A-D059613C2200}.Release|x64.Build.0 = Release|x64
		{0B0B0AF8-CCAA-4CBE-BE89-D0B1A72AA256}.Debug|x64.ActiveCfg = Debug|x64
		{0B0B0AF8-CCAA-4CBE-BE89-D0B1A72AA256}.Debug|x64.Build.0 = Debug|x64
		{0B0B0AF8-CCAA-4CBE-BE89-D0B1A72AA256}.Release|x64.ActiveCfg = Release|x64
		{0B0B0AF8-CCAA-4CBE-BE89-D0B1A72AA256}.Release|x64.Build.0 = Release|x64
		{0FD12141-7DE3-4C17-B56F-E210F48B5EC4}.Debug|x64.ActiveCfg = Debug|x64
		{0FD12141-7DE3-4C17-B56F-E210F48B5EC4}.Debug|x64.Build.0 = Debug|x64
		{0FD12141-7DE3-4C17-B56F-E210F48B5EC4}.Release|x64.ActiveCfg = Release|x64
		{0FD12141-7DE3-4C17-B56F-E210F48B5EC4}.Release|x64.Build.0 = Release|x64
		{7C87F713-F6D2-4967-9D92-B77E0D7EB1BD}.Debug|x64.ActiveCfg = Debug|x64
		{7C87F713-F6D2-4967-9D92-B77E0D7EB1BD}.Debug|x64.Build.0 = Debug|x64
		{7C87F713-F6D2-4967-9D92-B77E0D7EB1BD}.Release|x64.ActiveCfg = Release|x64
		{7C87F713-F6D2-4967-9D92-B77E0D7EB1BD}.Release|x64.Build.0 = Release|x64
		{656E0692-A649-4E16-B6F3-D52DC93A9B03}.Debug|x64.ActiveCfg = Debug|x64
		{656E0692-A649-4E16-B6F3-D52DC93A9B03}.Debug|x64.Build.0 = Debug|x64
		{656E0692-A649-4E16-B6F3-D52DC93A9B03}.Release|x64.ActiveCfg = Release|x64
		{656E0692-A649-4E16-B6F3-D52DC93A9B03}.Release|x64.Build.0 = Release|x64
		{6E067AE7-A48B-403C-82F1-167FBAD3CBF9}.Debug|x64.ActiveCfg = Debug|x64
		{6E067AE7-A48B-403C-82F1-167FBAD3CBF9}.Debug|x64.Build.0 = Debug|x64
		{6E067AE7-A48B-403C-82F1-167FBAD3CBF9}.Release|x64.ActiveCfg = Release|x64
		{6E067AE7-A48B-403C-82F1-167FBAD3CBF9}.Release|x64.Build.0 = Release|x64
		{80DA27F1-BE43-40E2-93F1-A8A93012A94F}.Debug|x64.ActiveCfg = Debug|x64
		{80DA27F1-BE43-40E2-93F1-A8A93012A94F}.Debug|x64.Build.0 = Debug|x64
		{80DA27F1-BE43-40E2-93F1-A8A93012A94F}.Release|x64.ActiveCfg = Release|x64
		{80DA27F1-BE43-40E2-93F1-A8A93012A94F}.Release|x64.Build.0 = Release|x64
		{0BCC6358-5890-4F99-A854-076517518CB0}.Debug|x64.ActiveCfg = Debug|x64
		{0BCC6358-5890-4F99-A854-076517518CB0}.Debug|x64.Build.0 = Debug|x64
		{0BCC6358-5890-4F99-A854-076517518CB0}.Release|x64.ActiveCfg = Release|x64
		{0BCC6358-5890-4F99-A854-076517518CB0}.Release|x64.Build.0 = Release|x64
		{E5C34B19-B394-4623-B00B-5F7F4B2577D6}.Debug|x64.ActiveCfg = Debug|x64
		{E5C34B19-B394-4623-B00B-5F7F4B2577D6}.Debug|x64.Build.0 = Debug|x64
		{E5C34B19-B394-4623-B00B-5F7F4B2577D6}.Release|x64.ActiveCfg = Release|x64
		{E5C34B19-B394-4623-B00B-5F7F4B2577D6}.Release|x64.Build.0 = Release|x64
		{79388801-CC65-4BBC-AAC6-9613BC5B8FBC}.Debug|x64.ActiveCfg = Debug|x64
		{79388801-CC65-4BBC-AAC6-9613BC5B8FBC}.Debug|x64.Build.0 = Debug|x64
		{79388801-CC65-4BBC-AAC6-9613BC5B8FBC}.Release|x64.ActiveCfg = Release|x64
		{79388801-CC65-4BBC-AAC6-9613BC5B8FBC}.Release|x64.Build.0 = Release|x64
		{4E663D5C-467F-41E0-B74B-E259D7AE259D}.Debug|x64.ActiveCfg = Debug|x64
		{4E663D5C-467F-41E0-B74B-E259D7AE259D}.Debug|x64.Build.0 = Debug|x64
		{4E663D5C-467F-41E0-B74B-E259D7AE259D}.Release|x64.ActiveCfg = Release|x64
		{4E663D5C-467F-41E0-B74B-E259D7AE259D}.Release|x64.Build.0 = Release|x64
		{2885E836-994D-49E4-A695-F0623A4BD33C}.Debug|x64.ActiveCfg = Debug|x64
		{2885E836-994D-49E4-A695-F0623A4BD33C}.Debug|x64.Build.0 = Debug|x64
		{2885E836-994D-49E4-A695-F0623A4BD33C}.Release|x64.ActiveCfg = Release|x64
		{2885E836-994D-49E4-A695-F0623A4BD33C}.Release|x64.Build.0 = Release|x64
		{D402751F-6571-4520-AD21-E4CA7B25D844}.Debug|x64.ActiveCfg = Debug|x64
		{D402751F-6571-4520-AD21-E4CA7B25D844}.Debug|x64.Build.0 = Debug|x64
		{D402751F-6571-4520-AD21-E4CA7B25D844}.Release|x64.ActiveCfg = Release|x64
		{D402751F-6571-4520-AD21-E4CA7B25D844}.Release|x64.Build.0 = Release|x64
	EndGlobalSection
	GlobalSection(SolutionProperties) = preSolution
		HideSolutionNode = FALSE
	EndGlobalSection
	GlobalSection(NestedProjects) = preSolution
		{331349F5-C668-4D28-8A79-5441DAB2BD75} = {E6E434D6-F2EC-45A6-B740-ACD4DEDB0A86}
		{A51C6FA7-9082-4ECF-B024-A9DF098572A7} = {E6E434D6-F2EC-45A6-B740-ACD4DEDB0A86}
		{B15CB711-F650-4063-9C7C-E7A5F88139A2} = {E6E434D6-F2EC-45A6-B740-ACD4DEDB0A86}
		{00DEFF42-0F7C-4A7C-9C1F-59322B9E9004} = {E6E434D6-F2EC-45A6-B740-ACD4DEDB0A86}
		{8BB237C2-2D3A-41AD-9B98-A35BA75D5DEA} = {E6E434D6-F2EC-45A6-B740-ACD4DEDB0A86}
		{621456BA-3BAB-4531-9DD0-0225EEAD672F} = {365B8B62-6B03-426D-A696-00A7FDB1096B}
		{B127F58B-5258-4FCD-BA2C-5B9210777669} = {621456BA-3BAB-4531-9DD0-0225EEAD672F}
		{3A40C37D-2117-4AF8-B2AC-5DD895293D6F} = {621456BA-3BAB-4531-9DD0-0225EEAD672F}
		{55A757AF-EE50-4CB2-836F-B3B19FA1F8AA} = {621456BA-3BAB-4531-9DD0-0225EEAD672F}
		{B061BC1F-F358-47A5-AA8B-68CEA671E075} = {365B8B62-6B03-426D-A696-00A7FDB1096B}
		{F15FC028-23E8-4FFF-BBF9-A505B23B7AD5} = {B061BC1F-F358-47A5-AA8B-68CEA671E075}
		{7A34EDFD-4C04-42AD-B9BD-E0EEAF3B64A3} = {B061BC1F-F358-47A5-AA8B-68CEA671E075}
		{CF350416-AD94-4BEB-ACF4-B6A87102D02B} = {B061BC1F-F358-47A5-AA8B-68CEA671E075}
		{FAF5D9BE-C005-4921-943E-8A0A679879B1} = {B061BC1F-F358-47A5-AA8B-68CEA671E075}
		{B424F819-AF56-4CF3-83D5-1E9B53BC070A} = {365B8B62-6B03-426D-A696-00A7FDB1096B}
		{321BF7A1-4131-4E02-A82C-49EEB21F994E} = {365B8B62-6B03-426D-A696-00A7FDB1096B}
		{354A5C90-CF68-4E74-A41D-CD165F9EE0F4} = {365B8B62-6B03-426D-A696-00A7FDB1096B}
		{B4C235C7-47C9-4E3F-A889-BF3883A6E684} = {365B8B62-6B03-426D-A696-00A7FDB1096B}
		{E646F2D5-113F-4684-8DE3-A1B6D191BFFB} = {B424F819-AF56-4CF3-83D5-1E9B53BC070A}
		{F71D44D4-1721-42DC-A196-FCD611A82ED0} = {B424F819-AF56-4CF3-83D5-1E9B53BC070A}
		{77FC68BB-E074-44D3-99D1-B458B560E005} = {B424F819-AF56-4CF3-83D5-1E9B53BC070A}
		{797DF5D1-B89B-4915-9F1E-365D0B498028} = {B424F819-AF56-4CF3-83D5-1E9B53BC070A}
		{17FA106A-453F-46C2-96B8-77F59F49CF12} = {B424F819-AF56-4CF3-83D5-1E9B53BC070A}
		{8C124ED1-4D1A-40EF-80E4-CF558585CF79} = {B424F819-AF56-4CF3-83D5-1E9B53BC070A}
		{527AA3DB-7C07-4B3F-82E0-F9A9A440B1E8} = {B424F819-AF56-4CF3-83D5-1E9B53BC070A}
		{ED15FD93-62B3-4E70-8837-F4779E8B3E87} = {B424F819-AF56-4CF3-83D5-1E9B53BC070A}
		{7309CB66-8CA5-4BE2-AFD1-1557875E6370} = {321BF7A1-4131-4E02-A82C-49EEB21F994E}
		{5A242E78-AFC2-4F9A-853D-7D4B7B0C3664} = {354A5C90-CF68-4E74-A41D-CD165F9EE0F4}
		{02CBF607-E17A-4DC1-B42B-9138B2E176FD} = {B4C235C7-47C9-4E3F-A889-BF3883A6E684}
		{7C18347B-E009-48EC-858A-70B7E7703A4C} = {B4C235C7-47C9-4E3F-A889-BF3883A6E684}
		{176CDC65-8320-4367-86D0-5B8805F62499} = {B127F58B-5258-4FCD-BA2C-5B9210777669}
		{F87FBCA2-4142-4408-AABF-E37E612498E8} = {3A40C37D-2117-4AF8-B2AC-5DD895293D6F}
		{EF4042EA-CB4B-456C-97E9-5ED1099FA9D1} = {55A757AF-EE50-4CB2-836F-B3B19FA1F8AA}
		{A8F3E944-9461-437D-9F40-40A4D43DB941} = {F15FC028-23E8-4FFF-BBF9-A505B23B7AD5}
		{3E5BD424-13BE-4E98-AE5D-B019139CB942} = {7A34EDFD-4C04-42AD-B9BD-E0EEAF3B64A3}
		{B20DB27E-DA68-4EC3-B3F6-6527A24E014B} = {CF350416-AD94-4BEB-ACF4-B6A87102D02B}
		{A83B546C-91B0-4DCF-8998-85FD841DED89} = {FAF5D9BE-C005-4921-943E-8A0A679879B1}
		{ACA03EDB-3386-44C5-82CD-D3927AC10533} = {365B8B62-6B03-426D-A696-00A7FDB1096B}
		{E3F1A21D-23CC-42D2-AE1A-FE0188F32680} = {ACA03EDB-3386-44C5-82CD-D3927AC10533}
		{B7875DF3-1C89-4B3E-9A27-6D629A63A5BC} = {E3F1A21D-23CC-42D2-AE1A-FE0188F32680}
		{C81852A6-D7E4-46CA-82CA-A543B1F83890} = {E646F2D5-113F-4684-8DE3-A1B6D191BFFB}
		{C14DC258-BB7F-447D-A36A-DEB4FE073F1B} = {F71D44D4-1721-42DC-A196-FCD611A82ED0}
		{C3FBB30B-6EEA-4167-88D8-CBE110F8C0C7} = {77FC68BB-E074-44D3-99D1-B458B560E005}
		{70A191E2-E112-46BB-952B-C9517B6027F3} = {797DF5D1-B89B-4915-9F1E-365D0B498028}
		{23C48C36-D49A-42E1-87F2-87F3EAD35CBD} = {17FA106A-453F-46C2-96B8-77F59F49CF12}
		{18E86470-12D7-4EA8-9CD4-18AB2ABC99AD} = {8C124ED1-4D1A-40EF-80E4-CF558585CF79}
		{67593B1B-8E17-4A85-A624-86AFA5EB16F2} = {527AA3DB-7C07-4B3F-82E0-F9A9A440B1E8}
		{72ECA9E9-2A7A-4BA2-8251-AC0D6C456319} = {ED15FD93-62B3-4E70-8837-F4779E8B3E87}
		{F73B5D94-4E6D-4666-BFC2-656BF8BD7969} = {7309CB66-8CA5-4BE2-AFD1-1557875E6370}
		{FA001B31-7181-43A4-9AA2-6FA9D8CF414A} = {5A242E78-AFC2-4F9A-853D-7D4B7B0C3664}
		{5FAB5CD1-6D8A-4ED7-82BE-C167977DE91C} = {02CBF607-E17A-4DC1-B42B-9138B2E176FD}
		{AAAAA1C8-FE95-41CE-8F9E-84011A11B20B} = {7C18347B-E009-48EC-858A-70B7E7703A4C}
		{4136CB75-8573-4772-83E0-49381CC5275E} = {ACA03EDB-3386-44C5-82CD-D3927AC10533}
		{85D96559-99C2-4A8D-83E0-797B67CF9D9A} = {4136CB75-8573-4772-83E0-49381CC5275E}
		{19A52FAA-2E21-4E1C-AB1D-2125E798440E} = {B061BC1F-F358-47A5-AA8B-68CEA671E075}
		{EB602772-947D-4761-99FD-290BB8183884} = {19A52FAA-2E21-4E1C-AB1D-2125E798440E}
		{02EA681E-C7D8-13C7-8484-4AC65E1B71E8} = {ACA03EDB-3386-44C5-82CD-D3927AC10533}
		{257A53AF-8528-449B-BD27-204600D1A4EF} = {02EA681E-C7D8-13C7-8484-4AC65E1B71E8}
		{BACEFD4D-07BB-4972-881C-8CC2CABC433F} = {365B8B62-6B03-426D-A696-00A7FDB1096B}
		{89B60CD5-5914-43CD-B604-BED4BE17086E} = {BACEFD4D-07BB-4972-881C-8CC2CABC433F}
		{35EA9D60-AFDA-4717-A62B-9814D1C00952} = {89B60CD5-5914-43CD-B604-BED4BE17086E}
		{A21AB139-CA9D-4B0A-BE64-2AE29450E4F6} = {621456BA-3BAB-4531-9DD0-0225EEAD672F}
		{254B2CE7-B578-4211-A0FA-2A9540BBC69F} = {A21AB139-CA9D-4B0A-BE64-2AE29450E4F6}
		{66B7E362-AB6C-45EC-ABBC-EB8D361115F1} = {621456BA-3BAB-4531-9DD0-0225EEAD672F}
		{DCF63F55-F194-4627-A2E3-2A8896627024} = {66B7E362-AB6C-45EC-ABBC-EB8D361115F1}
		{A6C642FB-ACE9-4119-AE71-A28602F5BD9D} = {621456BA-3BAB-4531-9DD0-0225EEAD672F}
		{D3BA09AE-92A9-47B1-858A-D059613C2200} = {A6C642FB-ACE9-4119-AE71-A28602F5BD9D}
		{03F29E31-B3DB-4DE0-89F6-0AE3E20D1903} = {321BF7A1-4131-4E02-A82C-49EEB21F994E}
		{0B0B0AF8-CCAA-4CBE-BE89-D0B1A72AA256} = {03F29E31-B3DB-4DE0-89F6-0AE3E20D1903}
		{5F300E46-A08F-4BC7-A99E-B64AC68240F6} = {B424F819-AF56-4CF3-83D5-1E9B53BC070A}
		{0FD12141-7DE3-4C17-B56F-E210F48B5EC4} = {5F300E46-A08F-4BC7-A99E-B64AC68240F6}
		{BBBB63B4-0C8F-4530-B433-89D29E67E91E} = {365B8B62-6B03-426D-A696-00A7FDB1096B}
		{112DBD85-0366-4FA0-AA15-BF9612042695} = {BBBB63B4-0C8F-4530-B433-89D29E67E91E}
		{7C87F713-F6D2-4967-9D92-B77E0D7EB1BD} = {112DBD85-0366-4FA0-AA15-BF9612042695}
		{365B8B62-6B03-426D-A696-00A7FDB1096B} = {CC9BA1B2-0436-4724-A166-5689A7C23E9F}
		{CA2178AF-1D84-415E-B8B2-5CEDCF7D94E7} = {365B8B62-6B03-426D-A696-00A7FDB1096B}
		{FA1B9790-2112-49D6-8973-3397F45189D6} = {CA2178AF-1D84-415E-B8B2-5CEDCF7D94E7}
		{656E0692-A649-4E16-B6F3-D52DC93A9B03} = {FA1B9790-2112-49D6-8973-3397F45189D6}
		{527730FF-05C2-41E3-888C-BCB480ACFB63} = {CA2178AF-1D84-415E-B8B2-5CEDCF7D94E7}
		{6E067AE7-A48B-403C-82F1-167FBAD3CBF9} = {527730FF-05C2-41E3-888C-BCB480ACFB63}
		{16BF0649-BCE8-44E0-9D58-6DC7BF420D6A} = {CA2178AF-1D84-415E-B8B2-5CEDCF7D94E7}
		{80DA27F1-BE43-40E2-93F1-A8A93012A94F} = {16BF0649-BCE8-44E0-9D58-6DC7BF420D6A}
		{1B5ACADF-6306-412C-9AA7-5063655D2A68} = {CA2178AF-1D84-415E-B8B2-5CEDCF7D94E7}
		{0BCC6358-5890-4F99-A854-076517518CB0} = {1B5ACADF-6306-412C-9AA7-5063655D2A68}
		{8DF5C348-7EEE-455B-8E48-4B51E1705E82} = {CA2178AF-1D84-415E-B8B2-5CEDCF7D94E7}
		{E5C34B19-B394-4623-B00B-5F7F4B2577D6} = {8DF5C348-7EEE-455B-8E48-4B51E1705E82}
		{C3B6222C-CEEF-4E8A-9919-426A498328CE} = {CA2178AF-1D84-415E-B8B2-5CEDCF7D94E7}
		{79388801-CC65-4BBC-AAC6-9613BC5B8FBC} = {C3B6222C-CEEF-4E8A-9919-426A498328CE}
		{67CB087A-BE7F-452D-8B6D-39925092EECD} = {CA2178AF-1D84-415E-B8B2-5CEDCF7D94E7}
		{4E663D5C-467F-41E0-B74B-E259D7AE259D} = {67CB087A-BE7F-452D-8B6D-39925092EECD}
		{EDEC1413-7B68-4C86-ABDF-64FE656E6488} = {CA2178AF-1D84-415E-B8B2-5CEDCF7D94E7}
		{2885E836-994D-49E4-A695-F0623A4BD33C} = {EDEC1413-7B68-4C86-ABDF-64FE656E6488}
		{3CB345EA-82DB-4876-B814-1C2D38930CAF} = {CA2178AF-1D84-415E-B8B2-5CEDCF7D94E7}
		{D402751F-6571-4520-AD21-E4CA7B25D844} = {3CB345EA-82DB-4876-B814-1C2D38930CAF}
	EndGlobalSection
	GlobalSection(ExtensibilityGlobals) = postSolution
		SolutionGuid = {B221E3AF-C24E-4402-A655-E8A88A66988A}
	EndGlobalSection
EndGlobal
